<Solution>
  <Folder Name="/BuildingBlocks/">
    <Project Path="BuildingBlocks/BuildingBlocks/BuildingBlocks.csproj" Id="db9a8a31-ac2f-42be-90bc-6621a0204485" />
  </Folder>
  <Folder Name="/Services/" />
  <Folder Name="/Services/Catalog/">
    <Project Path="Services/Catalog/CatalogAPI/CatalogAPI.csproj" Id="adbaba55-65b8-4735-bfcd-6a5067c1514c" />
  </Folder>
</Solution>
